
Microsoft Visual Studio Solution File, Format Version 12.00
# Visual Studio Version 16
VisualStudioVersion = 16.0.29505.209
MinimumVisualStudioVersion = 10.0.40219.1
Project("{FAE04EC0-301F-11D3-BF4B-00C04F79EFBC}") = "SkiaSharpDemo.UWP", "SkiaSharpDemo\SkiaSharpDemo.UWP\SkiaSharpDemo.UWP.csproj", "{EFA427D8-72A1-4E7F-B7F2-380270E7F288}"
EndProject
Project("{FAE04EC0-301F-11D3-BF4B-00C04F79EFBC}") = "SkiaSharpDemo.Android", "SkiaSharpDemo\SkiaSharpDemo.Android\SkiaSharpDemo.Android.csproj", "{94852D14-E4AC-458A-BC84-7EC1695452FB}"
EndProject
Project("{FAE04EC0-301F-11D3-BF4B-00C04F79EFBC}") = "SkiaSharpDemo.iOS", "SkiaSharpDemo\SkiaSharpDemo.iOS\SkiaSharpDemo.iOS.csproj", "{CAD94FEF-9DE3-4AAB-8C81-3C8BEA81664D}"
EndProject
Project("{FAE04EC0-301F-11D3-BF4B-00C04F79EFBC}") = "SkiaSharpDemo", "SkiaSharpDemo\SkiaSharpDemo\SkiaSharpDemo.csproj", "{FAA6E224-6E0E-46AE-A4DD-E329A002E4B4}"
EndProject
Global
	GlobalSection(SolutionConfigurationPlatforms) = preSolution
		Debug|Any CPU = Debug|Any CPU
		Debug|ARM = Debug|ARM
		Debug|iPhone = Debug|iPhone
		Debug|iPhoneSimulator = Debug|iPhoneSimulator
		Debug|x64 = Debug|x64
		Debug|x86 = Debug|x86
		Release|Any CPU = Release|Any CPU
		Release|ARM = Release|ARM
		Release|iPhone = Release|iPhone
		Release|iPhoneSimulator = Release|iPhoneSimulator
		Release|x64 = Release|x64
		Release|x86 = Release|x86
	EndGlobalSection
	GlobalSection(ProjectConfigurationPlatforms) = postSolution
		{EFA427D8-72A1-4E7F-B7F2-380270E7F288}.Debug|Any CPU.ActiveCfg = Debug|x86
		{EFA427D8-72A1-4E7F-B7F2-380270E7F288}.Debug|Any CPU.Build.0 = Debug|x86
		{EFA427D8-72A1-4E7F-B7F2-380270E7F288}.Debug|Any CPU.Deploy.0 = Debug|x86
		{EFA427D8-72A1-4E7F-B7F2-380270E7F288}.Debug|ARM.ActiveCfg = Debug|ARM
		{EFA427D8-72A1-4E7F-B7F2-380270E7F288}.Debug|ARM.Build.0 = Debug|ARM
		{EFA427D8-72A1-4E7F-B7F2-380270E7F288}.Debug|ARM.Deploy.0 = Debug|ARM
		{EFA427D8-72A1-4E7F-B7F2-380270E7F288}.Debug|iPhone.ActiveCfg = Debug|x86
		{EFA427D8-72A1-4E7F-B7F2-380270E7F288}.Debug|iPhone.Build.0 = Debug|x86
		{EFA427D8-72A1-4E7F-B7F2-380270E7F288}.Debug|iPhone.Deploy.0 = Debug|x86
		{EFA427D8-72A1-4E7F-B7F2-380270E7F288}.Debug|iPhoneSimulator.ActiveCfg = Debug|x86
		{EFA427D8-72A1-4E7F-B7F2-380270E7F288}.Debug|iPhoneSimulator.Build.0 = Debug|x86
		{EFA427D8-72A1-4E7F-B7F2-380270E7F288}.Debug|iPhoneSimulator.Deploy.0 = Debug|x86
		{EFA427D8-72A1-4E7F-B7F2-380270E7F288}.Debug|x64.ActiveCfg = Debug|x64
		{EFA427D8-72A1-4E7F-B7F2-380270E7F288}.Debug|x64.Build.0 = Debug|x64
		{EFA427D8-72A1-4E7F-B7F2-380270E7F288}.Debug|x64.Deploy.0 = Debug|x64
		{EFA427D8-72A1-4E7F-B7F2-380270E7F288}.Debug|x86.ActiveCfg = Debug|x86
		{EFA427D8-72A1-4E7F-B7F2-380270E7F288}.Debug|x86.Build.0 = Debug|x86
		{EFA427D8-72A1-4E7F-B7F2-380270E7F288}.Debug|x86.Deploy.0 = Debug|x86
		{EFA427D8-72A1-4E7F-B7F2-380270E7F288}.Release|Any CPU.ActiveCfg = Release|x86
		{EFA427D8-72A1-4E7F-B7F2-380270E7F288}.Release|Any CPU.Build.0 = Release|x86
		{EFA427D8-72A1-4E7F-B7F2-380270E7F288}.Release|Any CPU.Deploy.0 = Release|x86
		{EFA427D8-72A1-4E7F-B7F2-380270E7F288}.Release|ARM.ActiveCfg = Release|ARM
		{EFA427D8-72A1-4E7F-B7F2-380270E7F288}.Release|ARM.Build.0 = Release|ARM
		{EFA427D8-72A1-4E7F-B7F2-380270E7F288}.Release|ARM.Deploy.0 = Release|ARM
		{EFA427D8-72A1-4E7F-B7F2-380270E7F288}.Release|iPhone.ActiveCfg = Release|x86
		{EFA427D8-72A1-4E7F-B7F2-380270E7F288}.Release|iPhone.Build.0 = Release|x86
		{EFA427D8-72A1-4E7F-B7F2-380270E7F288}.Release|iPhone.Deploy.0 = Release|x86
		{EFA427D8-72A1-4E7F-B7F2-380270E7F288}.Release|iPhoneSimulator.ActiveCfg = Release|x86
		{EFA427D8-72A1-4E7F-B7F2-380270E7F288}.Release|iPhoneSimulator.Build.0 = Release|x86
		{EFA427D8-72A1-4E7F-B7F2-380270E7F288}.Release|iPhoneSimulator.Deploy.0 = Release|x86
		{EFA427D8-72A1-4E7F-B7F2-380270E7F288}.Release|x64.ActiveCfg = Release|x64
		{EFA427D8-72A1-4E7F-B7F2-380270E7F288}.Release|x64.Build.0 = Release|x64
		{EFA427D8-72A1-4E7F-B7F2-380270E7F288}.Release|x64.Deploy.0 = Release|x64
		{EFA427D8-72A1-4E7F-B7F2-380270E7F288}.Release|x86.ActiveCfg = Release|x86
		{EFA427D8-72A1-4E7F-B7F2-380270E7F288}.Release|x86.Build.0 = Release|x86
		{EFA427D8-72A1-4E7F-B7F2-380270E7F288}.Release|x86.Deploy.0 = Release|x86
		{94852D14-E4AC-458A-BC84-7EC1695452FB}.Debug|Any CPU.ActiveCfg = Debug|Any CPU
		{94852D14-E4AC-458A-BC84-7EC1695452FB}.Debug|Any CPU.Build.0 = Debug|Any CPU
		{94852D14-E4AC-458A-BC84-7EC1695452FB}.Debug|Any CPU.Deploy.0 = Debug|Any CPU
		{94852D14-E4AC-458A-BC84-7EC1695452FB}.Debug|ARM.ActiveCfg = Debug|Any CPU
		{94852D14-E4AC-458A-BC84-7EC1695452FB}.Debug|ARM.Build.0 = Debug|Any CPU
		{94852D14-E4AC-458A-BC84-7EC1695452FB}.Debug|ARM.Deploy.0 = Debug|Any CPU
		{94852D14-E4AC-458A-BC84-7EC1695452FB}.Debug|iPhone.ActiveCfg = Debug|Any CPU
		{94852D14-E4AC-458A-BC84-7EC1695452FB}.Debug|iPhone.Build.0 = Debug|Any CPU
		{94852D14-E4AC-458A-BC84-7EC1695452FB}.Debug|iPhone.Deploy.0 = Debug|Any CPU
		{94852D14-E4AC-458A-BC84-7EC1695452FB}.Debug|iPhoneSimulator.ActiveCfg = Debug|Any CPU
		{94852D14-E4AC-458A-BC84-7EC1695452FB}.Debug|iPhoneSimulator.Build.0 = Debug|Any CPU
		{94852D14-E4AC-458A-BC84-7EC1695452FB}.Debug|iPhoneSimulator.Deploy.0 = Debug|Any CPU
		{94852D14-E4AC-458A-BC84-7EC1695452FB}.Debug|x64.ActiveCfg = Debug|Any CPU
		{94852D14-E4AC-458A-BC84-7EC1695452FB}.Debug|x64.Build.0 = Debug|Any CPU
		{94852D14-E4AC-458A-BC84-7EC1695452FB}.Debug|x64.Deploy.0 = Debug|Any CPU
		{94852D14-E4AC-458A-BC84-7EC1695452FB}.Debug|x86.ActiveCfg = Debug|Any CPU
		{94852D14-E4AC-458A-BC84-7EC1695452FB}.Debug|x86.Build.0 = Debug|Any CPU
		{94852D14-E4AC-458A-BC84-7EC1695452FB}.Debug|x86.Deploy.0 = Debug|Any CPU
		{94852D14-E4AC-458A-BC84-7EC1695452FB}.Release|Any CPU.ActiveCfg = Release|Any CPU
		{94852D14-E4AC-458A-BC84-7EC1695452FB}.Release|Any CPU.Build.0 = Release|Any CPU
		{94852D14-E4AC-458A-BC84-7EC1695452FB}.Release|Any CPU.Deploy.0 = Release|Any CPU
		{94852D14-E4AC-458A-BC84-7EC1695452FB}.Release|ARM.ActiveCfg = Release|Any CPU
		{94852D14-E4AC-458A-BC84-7EC1695452FB}.Release|ARM.Build.0 = Release|Any CPU
		{94852D14-E4AC-458A-BC84-7EC1695452FB}.Release|ARM.Deploy.0 = Release|Any CPU
		{94852D14-E4AC-458A-BC84-7EC1695452FB}.Release|iPhone.ActiveCfg = Release|Any CPU
		{94852D14-E4AC-458A-BC84-7EC1695452FB}.Release|iPhone.Build.0 = Release|Any CPU
		{94852D14-E4AC-458A-BC84-7EC1695452FB}.Release|iPhone.Deploy.0 = Release|Any CPU
		{94852D14-E4AC-458A-BC84-7EC1695452FB}.Release|iPhoneSimulator.ActiveCfg = Release|Any CPU
		{94852D14-E4AC-458A-BC84-7EC1695452FB}.Release|iPhoneSimulator.Build.0 = Release|Any CPU
		{94852D14-E4AC-458A-BC84-7EC1695452FB}.Release|iPhoneSimulator.Deploy.0 = Release|Any CPU
		{94852D14-E4AC-458A-BC84-7EC1695452FB}.Release|x64.ActiveCfg = Release|Any CPU
		{94852D14-E4AC-458A-BC84-7EC1695452FB}.Release|x64.Build.0 = Release|Any CPU
		{94852D14-E4AC-458A-BC84-7EC1695452FB}.Release|x64.Deploy.0 = Release|Any CPU
		{94852D14-E4AC-458A-BC84-7EC1695452FB}.Release|x86.ActiveCfg = Release|Any CPU
		{94852D14-E4AC-458A-BC84-7EC1695452FB}.Release|x86.Build.0 = Release|Any CPU
		{94852D14-E4AC-458A-BC84-7EC1695452FB}.Release|x86.Deploy.0 = Release|Any CPU
		{CAD94FEF-9DE3-4AAB-8C81-3C8BEA81664D}.Debug|Any CPU.ActiveCfg = Debug|iPhone
		{CAD94FEF-9DE3-4AAB-8C81-3C8BEA81664D}.Debug|Any CPU.Build.0 = Debug|iPhone
		{CAD94FEF-9DE3-4AAB-8C81-3C8BEA81664D}.Debug|Any CPU.Deploy.0 = Debug|iPhone
		{CAD94FEF-9DE3-4AAB-8C81-3C8BEA81664D}.Debug|ARM.ActiveCfg = Debug|iPhone
		{CAD94FEF-9DE3-4AAB-8C81-3C8BEA81664D}.Debug|ARM.Build.0 = Debug|iPhone
		{CAD94FEF-9DE3-4AAB-8C81-3C8BEA81664D}.Debug|ARM.Deploy.0 = Debug|iPhone
		{CAD94FEF-9DE3-4AAB-8C81-3C8BEA81664D}.Debug|iPhone.ActiveCfg = Debug|iPhone
		{CAD94FEF-9DE3-4AAB-8C81-3C8BEA81664D}.Debug|iPhone.Build.0 = Debug|iPhone
		{CAD94FEF-9DE3-4AAB-8C81-3C8BEA81664D}.Debug|iPhone.Deploy.0 = Debug|iPhone
		{CAD94FEF-9DE3-4AAB-8C81-3C8BEA81664D}.Debug|iPhoneSimulator.ActiveCfg = Debug|iPhoneSimulator
		{CAD94FEF-9DE3-4AAB-8C81-3C8BEA81664D}.Debug|iPhoneSimulator.Build.0 = Debug|iPhoneSimulator
		{CAD94FEF-9DE3-4AAB-8C81-3C8BEA81664D}.Debug|iPhoneSimulator.Deploy.0 = Debug|iPhoneSimulator
		{CAD94FEF-9DE3-4AAB-8C81-3C8BEA81664D}.Debug|x64.ActiveCfg = Debug|iPhone
		{CAD94FEF-9DE3-4AAB-8C81-3C8BEA81664D}.Debug|x64.Build.0 = Debug|iPhone
		{CAD94FEF-9DE3-4AAB-8C81-3C8BEA81664D}.Debug|x64.Deploy.0 = Debug|iPhone
		{CAD94FEF-9DE3-4AAB-8C81-3C8BEA81664D}.Debug|x86.ActiveCfg = Debug|iPhone
		{CAD94FEF-9DE3-4AAB-8C81-3C8BEA81664D}.Debug|x86.Build.0 = Debug|iPhone
		{CAD94FEF-9DE3-4AAB-8C81-3C8BEA81664D}.Debug|x86.Deploy.0 = Debug|iPhone
		{CAD94FEF-9DE3-4AAB-8C81-3C8BEA81664D}.Release|Any CPU.ActiveCfg = Release|iPhone
		{CAD94FEF-9DE3-4AAB-8C81-3C8BEA81664D}.Release|Any CPU.Build.0 = Release|iPhone
		{CAD94FEF-9DE3-4AAB-8C81-3C8BEA81664D}.Release|Any CPU.Deploy.0 = Release|iPhone
		{CAD94FEF-9DE3-4AAB-8C81-3C8BEA81664D}.Release|ARM.ActiveCfg = Release|iPhone
		{CAD94FEF-9DE3-4AAB-8C81-3C8BEA81664D}.Release|ARM.Build.0 = Release|iPhone
		{CAD94FEF-9DE3-4AAB-8C81-3C8BEA81664D}.Release|ARM.Deploy.0 = Release|iPhone
		{CAD94FEF-9DE3-4AAB-8C81-3C8BEA81664D}.Release|iPhone.ActiveCfg = Release|iPhone
		{CAD94FEF-9DE3-4AAB-8C81-3C8BEA81664D}.Release|iPhone.Build.0 = Release|iPhone
		{CAD94FEF-9DE3-4AAB-8C81-3C8BEA81664D}.Release|iPhone.Deploy.0 = Release|iPhone
		{CAD94FEF-9DE3-4AAB-8C81-3C8BEA81664D}.Release|iPhoneSimulator.ActiveCfg = Release|iPhoneSimulator
		{CAD94FEF-9DE3-4AAB-8C81-3C8BEA81664D}.Release|iPhoneSimulator.Build.0 = Release|iPhoneSimulator
		{CAD94FEF-9DE3-4AAB-8C81-3C8BEA81664D}.Release|iPhoneSimulator.Deploy.0 = Release|iPhoneSimulator
		{CAD94FEF-9DE3-4AAB-8C81-3C8BEA81664D}.Release|x64.ActiveCfg = Release|iPhone
		{CAD94FEF-9DE3-4AAB-8C81-3C8BEA81664D}.Release|x64.Build.0 = Release|iPhone
		{CAD94FEF-9DE3-4AAB-8C81-3C8BEA81664D}.Release|x64.Deploy.0 = Release|iPhone
		{CAD94FEF-9DE3-4AAB-8C81-3C8BEA81664D}.Release|x86.ActiveCfg = Release|iPhone
		{CAD94FEF-9DE3-4AAB-8C81-3C8BEA81664D}.Release|x86.Build.0 = Release|iPhone
		{CAD94FEF-9DE3-4AAB-8C81-3C8BEA81664D}.Release|x86.Deploy.0 = Release|iPhone
		{FAA6E224-6E0E-46AE-A4DD-E329A002E4B4}.Debug|Any CPU.ActiveCfg = Debug|Any CPU
		{FAA6E224-6E0E-46AE-A4DD-E329A002E4B4}.Debug|Any CPU.Build.0 = Debug|Any CPU
		{FAA6E224-6E0E-46AE-A4DD-E329A002E4B4}.Debug|Any CPU.Deploy.0 = Debug|Any CPU
		{FAA6E224-6E0E-46AE-A4DD-E329A002E4B4}.Debug|ARM.ActiveCfg = Debug|Any CPU
		{FAA6E224-6E0E-46AE-A4DD-E329A002E4B4}.Debug|ARM.Build.0 = Debug|Any CPU
		{FAA6E224-6E0E-46AE-A4DD-E329A002E4B4}.Debug|ARM.Deploy.0 = Debug|Any CPU
		{FAA6E224-6E0E-46AE-A4DD-E329A002E4B4}.Debug|iPhone.ActiveCfg = Debug|Any CPU
		{FAA6E224-6E0E-46AE-A4DD-E329A002E4B4}.Debug|iPhone.Build.0 = Debug|Any CPU
		{FAA6E224-6E0E-46AE-A4DD-E329A002E4B4}.Debug|iPhone.Deploy.0 = Debug|Any CPU
		{FAA6E224-6E0E-46AE-A4DD-E329A002E4B4}.Debug|iPhoneSimulator.ActiveCfg = Debug|Any CPU
		{FAA6E224-6E0E-46AE-A4DD-E329A002E4B4}.Debug|iPhoneSimulator.Build.0 = Debug|Any CPU
		{FAA6E224-6E0E-46AE-A4DD-E329A002E4B4}.Debug|iPhoneSimulator.Deploy.0 = Debug|Any CPU
		{FAA6E224-6E0E-46AE-A4DD-E329A002E4B4}.Debug|x64.ActiveCfg = Debug|Any CPU
		{FAA6E224-6E0E-46AE-A4DD-E329A002E4B4}.Debug|x64.Build.0 = Debug|Any CPU
		{FAA6E224-6E0E-46AE-A4DD-E329A002E4B4}.Debug|x64.Deploy.0 = Debug|Any CPU
		{FAA6E224-6E0E-46AE-A4DD-E329A002E4B4}.Debug|x86.ActiveCfg = Debug|Any CPU
		{FAA6E224-6E0E-46AE-A4DD-E329A002E4B4}.Debug|x86.Build.0 = Debug|Any CPU
		{FAA6E224-6E0E-46AE-A4DD-E329A002E4B4}.Debug|x86.Deploy.0 = Debug|Any CPU
		{FAA6E224-6E0E-46AE-A4DD-E329A002E4B4}.Release|Any CPU.ActiveCfg = Release|Any CPU
		{FAA6E224-6E0E-46AE-A4DD-E329A002E4B4}.Release|Any CPU.Build.0 = Release|Any CPU
		{FAA6E224-6E0E-46AE-A4DD-E329A002E4B4}.Release|Any CPU.Deploy.0 = Release|Any CPU
		{FAA6E224-6E0E-46AE-A4DD-E329A002E4B4}.Release|ARM.ActiveCfg = Release|Any CPU
		{FAA6E224-6E0E-46AE-A4DD-E329A002E4B4}.Release|ARM.Build.0 = Release|Any CPU
		{FAA6E224-6E0E-46AE-A4DD-E329A002E4B4}.Release|ARM.Deploy.0 = Release|Any CPU
		{FAA6E224-6E0E-46AE-A4DD-E329A002E4B4}.Release|iPhone.ActiveCfg = Release|Any CPU
		{FAA6E224-6E0E-46AE-A4DD-E329A002E4B4}.Release|iPhone.Build.0 = Release|Any CPU
		{FAA6E224-6E0E-46AE-A4DD-E329A002E4B4}.Release|iPhone.Deploy.0 = Release|Any CPU
		{FAA6E224-6E0E-46AE-A4DD-E329A002E4B4}.Release|iPhoneSimulator.ActiveCfg = Release|Any CPU
		{FAA6E224-6E0E-46AE-A4DD-E329A002E4B4}.Release|iPhoneSimulator.Build.0 = Release|Any CPU
		{FAA6E224-6E0E-46AE-A4DD-E329A002E4B4}.Release|iPhoneSimulator.Deploy.0 = Release|Any CPU
		{FAA6E224-6E0E-46AE-A4DD-E329A002E4B4}.Release|x64.ActiveCfg = Release|Any CPU
		{FAA6E224-6E0E-46AE-A4DD-E329A002E4B4}.Release|x64.Build.0 = Release|Any CPU
		{FAA6E224-6E0E-46AE-A4DD-E329A002E4B4}.Release|x64.Deploy.0 = Release|Any CPU
		{FAA6E224-6E0E-46AE-A4DD-E329A002E4B4}.Release|x86.ActiveCfg = Release|Any CPU
		{FAA6E224-6E0E-46AE-A4DD-E329A002E4B4}.Release|x86.Build.0 = Release|Any CPU
		{FAA6E224-6E0E-46AE-A4DD-E329A002E4B4}.Release|x86.Deploy.0 = Release|Any CPU
	EndGlobalSection
	GlobalSection(SolutionProperties) = preSolution
		HideSolutionNode = FALSE
	EndGlobalSection
	GlobalSection(ExtensibilityGlobals) = postSolution
		SolutionGuid = {238E4825-09A5-4B14-A4B0-F95533C10DE7}
	EndGlobalSection
EndGlobal
