
Microsoft Visual Studio Solution File, Format Version 12.00
# Visual Studio Version 16
VisualStudioVersion = 16.0.29423.271
MinimumVisualStudioVersion = 10.0.40219.1
Project("{FAE04EC0-301F-11D3-BF4B-00C04F79EFBC}") = "UWCDemo.UWP", "UWCDemo\UWCDemo.UWP\UWCDemo.UWP.csproj", "{2B356B8A-EDF9-4E58-9EB8-4F831261EC3F}"
EndProject
Project("{FAE04EC0-301F-11D3-BF4B-00C04F79EFBC}") = "UWCDemo.Android", "UWCDemo\UWCDemo.Android\UWCDemo.Android.csproj", "{286502FB-601E-444E-98B3-117295035339}"
EndProject
Project("{FAE04EC0-301F-11D3-BF4B-00C04F79EFBC}") = "UWCDemo.iOS", "UWCDemo\UWCDemo.iOS\UWCDemo.iOS.csproj", "{1F489432-707C-411E-A7EB-901296538BFA}"
EndProject
Project("{FAE04EC0-301F-11D3-BF4B-00C04F79EFBC}") = "UWCDemo", "UWCDemo\UWCDemo\UWCDemo.csproj", "{CDE7C44B-8B13-44FF-9D36-AE295E8A4590}"
EndProject
Project("{FAE04EC0-301F-11D3-BF4B-00C04F79EFBC}") = "UWCDemo.Tests", "UWCDemo.Tests\UWCDemo.Tests.csproj", "{42EA8196-3895-4BC4-B981-4D48C4DBBFA2}"
EndProject
Global
	GlobalSection(SolutionConfigurationPlatforms) = preSolution
		Debug|Any CPU = Debug|Any CPU
		Debug|ARM = Debug|ARM
		Debug|iPhone = Debug|iPhone
		Debug|iPhoneSimulator = Debug|iPhoneSimulator
		Debug|x64 = Debug|x64
		Debug|x86 = Debug|x86
		Release|Any CPU = Release|Any CPU
		Release|ARM = Release|ARM
		Release|iPhone = Release|iPhone
		Release|iPhoneSimulator = Release|iPhoneSimulator
		Release|x64 = Release|x64
		Release|x86 = Release|x86
	EndGlobalSection
	GlobalSection(ProjectConfigurationPlatforms) = postSolution
		{2B356B8A-EDF9-4E58-9EB8-4F831261EC3F}.Debug|Any CPU.ActiveCfg = Debug|x86
		{2B356B8A-EDF9-4E58-9EB8-4F831261EC3F}.Debug|Any CPU.Build.0 = Debug|x86
		{2B356B8A-EDF9-4E58-9EB8-4F831261EC3F}.Debug|Any CPU.Deploy.0 = Debug|x86
		{2B356B8A-EDF9-4E58-9EB8-4F831261EC3F}.Debug|ARM.ActiveCfg = Debug|ARM
		{2B356B8A-EDF9-4E58-9EB8-4F831261EC3F}.Debug|ARM.Build.0 = Debug|ARM
		{2B356B8A-EDF9-4E58-9EB8-4F831261EC3F}.Debug|ARM.Deploy.0 = Debug|ARM
		{2B356B8A-EDF9-4E58-9EB8-4F831261EC3F}.Debug|iPhone.ActiveCfg = Debug|x86
		{2B356B8A-EDF9-4E58-9EB8-4F831261EC3F}.Debug|iPhone.Build.0 = Debug|x86
		{2B356B8A-EDF9-4E58-9EB8-4F831261EC3F}.Debug|iPhone.Deploy.0 = Debug|x86
		{2B356B8A-EDF9-4E58-9EB8-4F831261EC3F}.Debug|iPhoneSimulator.ActiveCfg = Debug|x86
		{2B356B8A-EDF9-4E58-9EB8-4F831261EC3F}.Debug|iPhoneSimulator.Build.0 = Debug|x86
		{2B356B8A-EDF9-4E58-9EB8-4F831261EC3F}.Debug|iPhoneSimulator.Deploy.0 = Debug|x86
		{2B356B8A-EDF9-4E58-9EB8-4F831261EC3F}.Debug|x64.ActiveCfg = Debug|x64
		{2B356B8A-EDF9-4E58-9EB8-4F831261EC3F}.Debug|x64.Build.0 = Debug|x64
		{2B356B8A-EDF9-4E58-9EB8-4F831261EC3F}.Debug|x64.Deploy.0 = Debug|x64
		{2B356B8A-EDF9-4E58-9EB8-4F831261EC3F}.Debug|x86.ActiveCfg = Debug|x86
		{2B356B8A-EDF9-4E58-9EB8-4F831261EC3F}.Debug|x86.Build.0 = Debug|x86
		{2B356B8A-EDF9-4E58-9EB8-4F831261EC3F}.Debug|x86.Deploy.0 = Debug|x86
		{2B356B8A-EDF9-4E58-9EB8-4F831261EC3F}.Release|Any CPU.ActiveCfg = Release|x86
		{2B356B8A-EDF9-4E58-9EB8-4F831261EC3F}.Release|Any CPU.Build.0 = Release|x86
		{2B356B8A-EDF9-4E58-9EB8-4F831261EC3F}.Release|Any CPU.Deploy.0 = Release|x86
		{2B356B8A-EDF9-4E58-9EB8-4F831261EC3F}.Release|ARM.ActiveCfg = Release|ARM
		{2B356B8A-EDF9-4E58-9EB8-4F831261EC3F}.Release|ARM.Build.0 = Release|ARM
		{2B356B8A-EDF9-4E58-9EB8-4F831261EC3F}.Release|ARM.Deploy.0 = Release|ARM
		{2B356B8A-EDF9-4E58-9EB8-4F831261EC3F}.Release|iPhone.ActiveCfg = Release|x86
		{2B356B8A-EDF9-4E58-9EB8-4F831261EC3F}.Release|iPhone.Build.0 = Release|x86
		{2B356B8A-EDF9-4E58-9EB8-4F831261EC3F}.Release|iPhone.Deploy.0 = Release|x86
		{2B356B8A-EDF9-4E58-9EB8-4F831261EC3F}.Release|iPhoneSimulator.ActiveCfg = Release|x86
		{2B356B8A-EDF9-4E58-9EB8-4F831261EC3F}.Release|iPhoneSimulator.Build.0 = Release|x86
		{2B356B8A-EDF9-4E58-9EB8-4F831261EC3F}.Release|iPhoneSimulator.Deploy.0 = Release|x86
		{2B356B8A-EDF9-4E58-9EB8-4F831261EC3F}.Release|x64.ActiveCfg = Release|x64
		{2B356B8A-EDF9-4E58-9EB8-4F831261EC3F}.Release|x64.Build.0 = Release|x64
		{2B356B8A-EDF9-4E58-9EB8-4F831261EC3F}.Release|x64.Deploy.0 = Release|x64
		{2B356B8A-EDF9-4E58-9EB8-4F831261EC3F}.Release|x86.ActiveCfg = Release|x86
		{2B356B8A-EDF9-4E58-9EB8-4F831261EC3F}.Release|x86.Build.0 = Release|x86
		{2B356B8A-EDF9-4E58-9EB8-4F831261EC3F}.Release|x86.Deploy.0 = Release|x86
		{286502FB-601E-444E-98B3-117295035339}.Debug|Any CPU.ActiveCfg = Debug|Any CPU
		{286502FB-601E-444E-98B3-117295035339}.Debug|Any CPU.Build.0 = Debug|Any CPU
		{286502FB-601E-444E-98B3-117295035339}.Debug|Any CPU.Deploy.0 = Debug|Any CPU
		{286502FB-601E-444E-98B3-117295035339}.Debug|ARM.ActiveCfg = Debug|Any CPU
		{286502FB-601E-444E-98B3-117295035339}.Debug|ARM.Build.0 = Debug|Any CPU
		{286502FB-601E-444E-98B3-117295035339}.Debug|ARM.Deploy.0 = Debug|Any CPU
		{286502FB-601E-444E-98B3-117295035339}.Debug|iPhone.ActiveCfg = Debug|Any CPU
		{286502FB-601E-444E-98B3-117295035339}.Debug|iPhone.Build.0 = Debug|Any CPU
		{286502FB-601E-444E-98B3-117295035339}.Debug|iPhone.Deploy.0 = Debug|Any CPU
		{286502FB-601E-444E-98B3-117295035339}.Debug|iPhoneSimulator.ActiveCfg = Debug|Any CPU
		{286502FB-601E-444E-98B3-117295035339}.Debug|iPhoneSimulator.Build.0 = Debug|Any CPU
		{286502FB-601E-444E-98B3-117295035339}.Debug|iPhoneSimulator.Deploy.0 = Debug|Any CPU
		{286502FB-601E-444E-98B3-117295035339}.Debug|x64.ActiveCfg = Debug|Any CPU
		{286502FB-601E-444E-98B3-117295035339}.Debug|x64.Build.0 = Debug|Any CPU
		{286502FB-601E-444E-98B3-117295035339}.Debug|x64.Deploy.0 = Debug|Any CPU
		{286502FB-601E-444E-98B3-117295035339}.Debug|x86.ActiveCfg = Debug|Any CPU
		{286502FB-601E-444E-98B3-117295035339}.Debug|x86.Build.0 = Debug|Any CPU
		{286502FB-601E-444E-98B3-117295035339}.Debug|x86.Deploy.0 = Debug|Any CPU
		{286502FB-601E-444E-98B3-117295035339}.Release|Any CPU.ActiveCfg = Release|Any CPU
		{286502FB-601E-444E-98B3-117295035339}.Release|Any CPU.Build.0 = Release|Any CPU
		{286502FB-601E-444E-98B3-117295035339}.Release|Any CPU.Deploy.0 = Release|Any CPU
		{286502FB-601E-444E-98B3-117295035339}.Release|ARM.ActiveCfg = Release|Any CPU
		{286502FB-601E-444E-98B3-117295035339}.Release|ARM.Build.0 = Release|Any CPU
		{286502FB-601E-444E-98B3-117295035339}.Release|ARM.Deploy.0 = Release|Any CPU
		{286502FB-601E-444E-98B3-117295035339}.Release|iPhone.ActiveCfg = Release|Any CPU
		{286502FB-601E-444E-98B3-117295035339}.Release|iPhone.Build.0 = Release|Any CPU
		{286502FB-601E-444E-98B3-117295035339}.Release|iPhone.Deploy.0 = Release|Any CPU
		{286502FB-601E-444E-98B3-117295035339}.Release|iPhoneSimulator.ActiveCfg = Release|Any CPU
		{286502FB-601E-444E-98B3-117295035339}.Release|iPhoneSimulator.Build.0 = Release|Any CPU
		{286502FB-601E-444E-98B3-117295035339}.Release|iPhoneSimulator.Deploy.0 = Release|Any CPU
		{286502FB-601E-444E-98B3-117295035339}.Release|x64.ActiveCfg = Release|Any CPU
		{286502FB-601E-444E-98B3-117295035339}.Release|x64.Build.0 = Release|Any CPU
		{286502FB-601E-444E-98B3-117295035339}.Release|x64.Deploy.0 = Release|Any CPU
		{286502FB-601E-444E-98B3-117295035339}.Release|x86.ActiveCfg = Release|Any CPU
		{286502FB-601E-444E-98B3-117295035339}.Release|x86.Build.0 = Release|Any CPU
		{286502FB-601E-444E-98B3-117295035339}.Release|x86.Deploy.0 = Release|Any CPU
		{1F489432-707C-411E-A7EB-901296538BFA}.Debug|Any CPU.ActiveCfg = Debug|iPhone
		{1F489432-707C-411E-A7EB-901296538BFA}.Debug|Any CPU.Build.0 = Debug|iPhone
		{1F489432-707C-411E-A7EB-901296538BFA}.Debug|Any CPU.Deploy.0 = Debug|iPhone
		{1F489432-707C-411E-A7EB-901296538BFA}.Debug|ARM.ActiveCfg = Debug|iPhone
		{1F489432-707C-411E-A7EB-901296538BFA}.Debug|ARM.Build.0 = Debug|iPhone
		{1F489432-707C-411E-A7EB-901296538BFA}.Debug|ARM.Deploy.0 = Debug|iPhone
		{1F489432-707C-411E-A7EB-901296538BFA}.Debug|iPhone.ActiveCfg = Debug|iPhone
		{1F489432-707C-411E-A7EB-901296538BFA}.Debug|iPhone.Build.0 = Debug|iPhone
		{1F489432-707C-411E-A7EB-901296538BFA}.Debug|iPhone.Deploy.0 = Debug|iPhone
		{1F489432-707C-411E-A7EB-901296538BFA}.Debug|iPhoneSimulator.ActiveCfg = Debug|iPhoneSimulator
		{1F489432-707C-411E-A7EB-901296538BFA}.Debug|iPhoneSimulator.Build.0 = Debug|iPhoneSimulator
		{1F489432-707C-411E-A7EB-901296538BFA}.Debug|iPhoneSimulator.Deploy.0 = Debug|iPhoneSimulator
		{1F489432-707C-411E-A7EB-901296538BFA}.Debug|x64.ActiveCfg = Debug|iPhone
		{1F489432-707C-411E-A7EB-901296538BFA}.Debug|x64.Build.0 = Debug|iPhone
		{1F489432-707C-411E-A7EB-901296538BFA}.Debug|x64.Deploy.0 = Debug|iPhone
		{1F489432-707C-411E-A7EB-901296538BFA}.Debug|x86.ActiveCfg = Debug|iPhone
		{1F489432-707C-411E-A7EB-901296538BFA}.Debug|x86.Build.0 = Debug|iPhone
		{1F489432-707C-411E-A7EB-901296538BFA}.Debug|x86.Deploy.0 = Debug|iPhone
		{1F489432-707C-411E-A7EB-901296538BFA}.Release|Any CPU.ActiveCfg = Release|iPhone
		{1F489432-707C-411E-A7EB-901296538BFA}.Release|Any CPU.Build.0 = Release|iPhone
		{1F489432-707C-411E-A7EB-901296538BFA}.Release|Any CPU.Deploy.0 = Release|iPhone
		{1F489432-707C-411E-A7EB-901296538BFA}.Release|ARM.ActiveCfg = Release|iPhone
		{1F489432-707C-411E-A7EB-901296538BFA}.Release|ARM.Build.0 = Release|iPhone
		{1F489432-707C-411E-A7EB-901296538BFA}.Release|ARM.Deploy.0 = Release|iPhone
		{1F489432-707C-411E-A7EB-901296538BFA}.Release|iPhone.ActiveCfg = Release|iPhone
		{1F489432-707C-411E-A7EB-901296538BFA}.Release|iPhone.Build.0 = Release|iPhone
		{1F489432-707C-411E-A7EB-901296538BFA}.Release|iPhone.Deploy.0 = Release|iPhone
		{1F489432-707C-411E-A7EB-901296538BFA}.Release|iPhoneSimulator.ActiveCfg = Release|iPhoneSimulator
		{1F489432-707C-411E-A7EB-901296538BFA}.Release|iPhoneSimulator.Build.0 = Release|iPhoneSimulator
		{1F489432-707C-411E-A7EB-901296538BFA}.Release|iPhoneSimulator.Deploy.0 = Release|iPhoneSimulator
		{1F489432-707C-411E-A7EB-901296538BFA}.Release|x64.ActiveCfg = Release|iPhone
		{1F489432-707C-411E-A7EB-901296538BFA}.Release|x64.Build.0 = Release|iPhone
		{1F489432-707C-411E-A7EB-901296538BFA}.Release|x64.Deploy.0 = Release|iPhone
		{1F489432-707C-411E-A7EB-901296538BFA}.Release|x86.ActiveCfg = Release|iPhone
		{1F489432-707C-411E-A7EB-901296538BFA}.Release|x86.Build.0 = Release|iPhone
		{1F489432-707C-411E-A7EB-901296538BFA}.Release|x86.Deploy.0 = Release|iPhone
		{CDE7C44B-8B13-44FF-9D36-AE295E8A4590}.Debug|Any CPU.ActiveCfg = Debug|Any CPU
		{CDE7C44B-8B13-44FF-9D36-AE295E8A4590}.Debug|Any CPU.Build.0 = Debug|Any CPU
		{CDE7C44B-8B13-44FF-9D36-AE295E8A4590}.Debug|Any CPU.Deploy.0 = Debug|Any CPU
		{CDE7C44B-8B13-44FF-9D36-AE295E8A4590}.Debug|ARM.ActiveCfg = Debug|Any CPU
		{CDE7C44B-8B13-44FF-9D36-AE295E8A4590}.Debug|ARM.Build.0 = Debug|Any CPU
		{CDE7C44B-8B13-44FF-9D36-AE295E8A4590}.Debug|ARM.Deploy.0 = Debug|Any CPU
		{CDE7C44B-8B13-44FF-9D36-AE295E8A4590}.Debug|iPhone.ActiveCfg = Debug|Any CPU
		{CDE7C44B-8B13-44FF-9D36-AE295E8A4590}.Debug|iPhone.Build.0 = Debug|Any CPU
		{CDE7C44B-8B13-44FF-9D36-AE295E8A4590}.Debug|iPhone.Deploy.0 = Debug|Any CPU
		{CDE7C44B-8B13-44FF-9D36-AE295E8A4590}.Debug|iPhoneSimulator.ActiveCfg = Debug|Any CPU
		{CDE7C44B-8B13-44FF-9D36-AE295E8A4590}.Debug|iPhoneSimulator.Build.0 = Debug|Any CPU
		{CDE7C44B-8B13-44FF-9D36-AE295E8A4590}.Debug|iPhoneSimulator.Deploy.0 = Debug|Any CPU
		{CDE7C44B-8B13-44FF-9D36-AE295E8A4590}.Debug|x64.ActiveCfg = Debug|Any CPU
		{CDE7C44B-8B13-44FF-9D36-AE295E8A4590}.Debug|x64.Build.0 = Debug|Any CPU
		{CDE7C44B-8B13-44FF-9D36-AE295E8A4590}.Debug|x64.Deploy.0 = Debug|Any CPU
		{CDE7C44B-8B13-44FF-9D36-AE295E8A4590}.Debug|x86.ActiveCfg = Debug|Any CPU
		{CDE7C44B-8B13-44FF-9D36-AE295E8A4590}.Debug|x86.Build.0 = Debug|Any CPU
		{CDE7C44B-8B13-44FF-9D36-AE295E8A4590}.Debug|x86.Deploy.0 = Debug|Any CPU
		{CDE7C44B-8B13-44FF-9D36-AE295E8A4590}.Release|Any CPU.ActiveCfg = Release|Any CPU
		{CDE7C44B-8B13-44FF-9D36-AE295E8A4590}.Release|Any CPU.Build.0 = Release|Any CPU
		{CDE7C44B-8B13-44FF-9D36-AE295E8A4590}.Release|Any CPU.Deploy.0 = Release|Any CPU
		{CDE7C44B-8B13-44FF-9D36-AE295E8A4590}.Release|ARM.ActiveCfg = Release|Any CPU
		{CDE7C44B-8B13-44FF-9D36-AE295E8A4590}.Release|ARM.Build.0 = Release|Any CPU
		{CDE7C44B-8B13-44FF-9D36-AE295E8A4590}.Release|ARM.Deploy.0 = Release|Any CPU
		{CDE7C44B-8B13-44FF-9D36-AE295E8A4590}.Release|iPhone.ActiveCfg = Release|Any CPU
		{CDE7C44B-8B13-44FF-9D36-AE295E8A4590}.Release|iPhone.Build.0 = Release|Any CPU
		{CDE7C44B-8B13-44FF-9D36-AE295E8A4590}.Release|iPhone.Deploy.0 = Release|Any CPU
		{CDE7C44B-8B13-44FF-9D36-AE295E8A4590}.Release|iPhoneSimulator.ActiveCfg = Release|Any CPU
		{CDE7C44B-8B13-44FF-9D36-AE295E8A4590}.Release|iPhoneSimulator.Build.0 = Release|Any CPU
		{CDE7C44B-8B13-44FF-9D36-AE295E8A4590}.Release|iPhoneSimulator.Deploy.0 = Release|Any CPU
		{CDE7C44B-8B13-44FF-9D36-AE295E8A4590}.Release|x64.ActiveCfg = Release|Any CPU
		{CDE7C44B-8B13-44FF-9D36-AE295E8A4590}.Release|x64.Build.0 = Release|Any CPU
		{CDE7C44B-8B13-44FF-9D36-AE295E8A4590}.Release|x64.Deploy.0 = Release|Any CPU
		{CDE7C44B-8B13-44FF-9D36-AE295E8A4590}.Release|x86.ActiveCfg = Release|Any CPU
		{CDE7C44B-8B13-44FF-9D36-AE295E8A4590}.Release|x86.Build.0 = Release|Any CPU
		{CDE7C44B-8B13-44FF-9D36-AE295E8A4590}.Release|x86.Deploy.0 = Release|Any CPU
		{42EA8196-3895-4BC4-B981-4D48C4DBBFA2}.Debug|Any CPU.ActiveCfg = Debug|Any CPU
		{42EA8196-3895-4BC4-B981-4D48C4DBBFA2}.Debug|Any CPU.Build.0 = Debug|Any CPU
		{42EA8196-3895-4BC4-B981-4D48C4DBBFA2}.Debug|ARM.ActiveCfg = Debug|Any CPU
		{42EA8196-3895-4BC4-B981-4D48C4DBBFA2}.Debug|ARM.Build.0 = Debug|Any CPU
		{42EA8196-3895-4BC4-B981-4D48C4DBBFA2}.Debug|iPhone.ActiveCfg = Debug|Any CPU
		{42EA8196-3895-4BC4-B981-4D48C4DBBFA2}.Debug|iPhone.Build.0 = Debug|Any CPU
		{42EA8196-3895-4BC4-B981-4D48C4DBBFA2}.Debug|iPhoneSimulator.ActiveCfg = Debug|Any CPU
		{42EA8196-3895-4BC4-B981-4D48C4DBBFA2}.Debug|iPhoneSimulator.Build.0 = Debug|Any CPU
		{42EA8196-3895-4BC4-B981-4D48C4DBBFA2}.Debug|x64.ActiveCfg = Debug|Any CPU
		{42EA8196-3895-4BC4-B981-4D48C4DBBFA2}.Debug|x64.Build.0 = Debug|Any CPU
		{42EA8196-3895-4BC4-B981-4D48C4DBBFA2}.Debug|x86.ActiveCfg = Debug|Any CPU
		{42EA8196-3895-4BC4-B981-4D48C4DBBFA2}.Debug|x86.Build.0 = Debug|Any CPU
		{42EA8196-3895-4BC4-B981-4D48C4DBBFA2}.Release|Any CPU.ActiveCfg = Release|Any CPU
		{42EA8196-3895-4BC4-B981-4D48C4DBBFA2}.Release|Any CPU.Build.0 = Release|Any CPU
		{42EA8196-3895-4BC4-B981-4D48C4DBBFA2}.Release|ARM.ActiveCfg = Release|Any CPU
		{42EA8196-3895-4BC4-B981-4D48C4DBBFA2}.Release|ARM.Build.0 = Release|Any CPU
		{42EA8196-3895-4BC4-B981-4D48C4DBBFA2}.Release|iPhone.ActiveCfg = Release|Any CPU
		{42EA8196-3895-4BC4-B981-4D48C4DBBFA2}.Release|iPhone.Build.0 = Release|Any CPU
		{42EA8196-3895-4BC4-B981-4D48C4DBBFA2}.Release|iPhoneSimulator.ActiveCfg = Release|Any CPU
		{42EA8196-3895-4BC4-B981-4D48C4DBBFA2}.Release|iPhoneSimulator.Build.0 = Release|Any CPU
		{42EA8196-3895-4BC4-B981-4D48C4DBBFA2}.Release|x64.ActiveCfg = Release|Any CPU
		{42EA8196-3895-4BC4-B981-4D48C4DBBFA2}.Release|x64.Build.0 = Release|Any CPU
		{42EA8196-3895-4BC4-B981-4D48C4DBBFA2}.Release|x86.ActiveCfg = Release|Any CPU
		{42EA8196-3895-4BC4-B981-4D48C4DBBFA2}.Release|x86.Build.0 = Release|Any CPU
	EndGlobalSection
	GlobalSection(SolutionProperties) = preSolution
		HideSolutionNode = FALSE
	EndGlobalSection
	GlobalSection(ExtensibilityGlobals) = postSolution
		SolutionGuid = {B1B4512A-CE76-4EB1-98EB-3DD9A50FB014}
	EndGlobalSection
EndGlobal
